# THIS IS AN AUTOGENERATED FILE. DO NOT EDIT THIS FILE DIRECTLY.
# yarn lockfile v1


"@egjs/hammerjs@^2.0.17":
  version "2.0.17"
  resolved "https://registry.yarnpkg.com/@egjs/hammerjs/-/hammerjs-2.0.17.tgz#5dc02af75a6a06e4c2db0202cae38c9263895124"
  integrity sha512-XQsZgjm2EcVUiZQf11UBJQfmZeEmOW8DpI1gsFeln6w0ae0ii4dMQEQ0kjl6DspdWX1aGY1/loyXnP0JS06e/A==
  dependencies:
    "@types/hammerjs" "^2.0.36"

"@expo/vector-icons@^14.1.0":
  version "14.1.0"
  resolved "https://registry.yarnpkg.com/@expo/vector-icons/-/vector-icons-14.1.0.tgz#d3dddad8b6ea60502e0fe5485b86751827606ce4"
  integrity sha512-7T09UE9h8QDTsUeMGymB4i+iqvtEeaO5VvUjryFB4tugDTG/bkzViWA74hm5pfjjDEhYMXWaX112mcvhccmIwQ==

"@shopify/react-native-skia@^2.1.1":
  version "2.1.1"
  resolved "https://registry.yarnpkg.com/@shopify/react-native-skia/-/react-native-skia-2.1.1.tgz#87af15ad1d5d0f032667bff423bfffa195f27144"
  integrity sha512-ZLlehE47YqOw3MmBWX6VgJY6vB39vrJpoN35RQaYK+LvhQqH5GB1qhR+LBCjOSgYgHvdapJ89gC+LrpngnfbYQ==
  dependencies:
    canvaskit-wasm "0.40.0"
    react-reconciler "0.31.0"

"@types/hammerjs@^2.0.36":
  version "2.0.46"
  resolved "https://registry.yarnpkg.com/@types/hammerjs/-/hammerjs-2.0.46.tgz#381daaca1360ff8a7c8dff63f32e69745b9fb1e1"
  integrity sha512-ynRvcq6wvqexJ9brDMS4BnBLzmr0e14d6ZJTEShTBWKymQiHwlAyGu0ZPEFI2Fh1U53F7tN9ufClWM5KvqkKOw==

"@webgpu/types@0.1.21":
  version "0.1.21"
  resolved "https://registry.yarnpkg.com/@webgpu/types/-/types-0.1.21.tgz#b181202daec30d66ccd67264de23814cfd176d3a"
  integrity sha512-pUrWq3V5PiSGFLeLxoGqReTZmiiXwY3jRkIG5sLLKjyqNxrwm/04b4nw7LSmGWJcKk59XOM/YRTUwOzo4MMlow==

argparse@^1.0.7:
  version "1.0.10"
  resolved "https://registry.yarnpkg.com/argparse/-/argparse-1.0.10.tgz#bcd6791ea5ae09725e17e5ad988134cd40b3d911"
  integrity sha512-o5Roy6tNG4SL/FOkCAN6RzjiakZS25RLYFrcMttJqbdd8BWrnA+fGz57iN5Pb06pvBGvl5gQ0B48dJlslXvoTg==
  dependencies:
    sprintf-js "~1.0.2"

camelize@^1.0.0:
  version "1.0.1"
  resolved "https://registry.yarnpkg.com/camelize/-/camelize-1.0.1.tgz#89b7e16884056331a35d6b5ad064332c91daa6c3"
  integrity sha512-dU+Tx2fsypxTgtLoE36npi3UqcjSSMNYfkqgmoEhtZrraP5VWq0K7FkWVTYa8eMPtnU/G2txVsfdCJTn9uzpuQ==

canvaskit-wasm@0.40.0:
  version "0.40.0"
  resolved "https://registry.yarnpkg.com/canvaskit-wasm/-/canvaskit-wasm-0.40.0.tgz#61a77657259fddfc0025ad1c3f57ac8d4d5850ff"
  integrity sha512-Od2o+ZmoEw9PBdN/yCGvzfu0WVqlufBPEWNG452wY7E9aT8RBE+ChpZF526doOlg7zumO4iCS+RAeht4P0Gbpw==
  dependencies:
    "@webgpu/types" "0.1.21"

css-color-keywords@^1.0.0:
  version "1.0.0"
  resolved "https://registry.yarnpkg.com/css-color-keywords/-/css-color-keywords-1.0.0.tgz#fea2616dc676b2962686b3af8dbdbe180b244e05"
  integrity sha512-FyyrDHZKEjXDpNJYvVsV960FiqQyXc/LlYmsxl2BcdMb2WPx0OGRVgTg55rPSyLSNMqP52R9r8geSp7apN3Ofg==

css-to-react-native@^3.0.0:
  version "3.2.0"
  resolved "https://registry.yarnpkg.com/css-to-react-native/-/css-to-react-native-3.2.0.tgz#cdd8099f71024e149e4f6fe17a7d46ecd55f1e32"
  integrity sha512-e8RKaLXMOFii+02mOlqwjbD00KSEKqblnpO9e++1aXS1fPQOpS1YoqdVHBqPjHNoxeF2mimzVqawm2KCbEdtHQ==
  dependencies:
    camelize "^1.0.0"
    css-color-keywords "^1.0.0"
    postcss-value-parser "^4.0.2"

entities@~2.0.0:
  version "2.0.3"
  resolved "https://registry.yarnpkg.com/entities/-/entities-2.0.3.tgz#5c487e5742ab93c15abb5da22759b8590ec03b7f"
  integrity sha512-MyoZ0jgnLvB2X3Lg5HqpFmn1kybDiIfEQmKzTb5apr51Rb+T3KdmMiqa70T+bhGnyv7bQ6WMj2QMHpGMmlrUYQ==

hoist-non-react-statics@^3.3.0:
  version "3.3.2"
  resolved "https://registry.yarnpkg.com/hoist-non-react-statics/-/hoist-non-react-statics-3.3.2.tgz#ece0acaf71d62c2969c2ec59feff42a4b1a85b45"
  integrity sha512-/gGivxi8JPKWNm/W0jSmzcMPpfpPLc3dY/6GxhX2hQ9iGj3aDfklV4ET7NjKpSinLpJ5vafa9iiGIEZg10SfBw==
  dependencies:
    react-is "^16.7.0"

invariant@^2.2.4:
  version "2.2.4"
  resolved "https://registry.yarnpkg.com/invariant/-/invariant-2.2.4.tgz#610f3c92c9359ce1db616e538008d23ff35158e6"
  integrity sha512-phJfQVBuaJM5raOpJjSfkiD6BpbCE4Ns//LaXl6wGYtUBY83nWS6Rf9tXm2e8VaK60JEjYldbPif/A2B1C2gNA==
  dependencies:
    loose-envify "^1.0.0"

"js-tokens@^3.0.0 || ^4.0.0":
  version "4.0.0"
  resolved "https://registry.yarnpkg.com/js-tokens/-/js-tokens-4.0.0.tgz#19203fb59991df98e3a287050d4647cdeaf32499"
  integrity sha512-RdJUflcE3cUzKiMqQgsCu06FPu9UdIJO0beYbPhHN4k6apgJtifcoCtT9bcxOpYBtpD2kCM6Sbzg4CausW/PKQ==

linkify-it@^2.0.0:
  version "2.2.0"
  resolved "https://registry.yarnpkg.com/linkify-it/-/linkify-it-2.2.0.tgz#e3b54697e78bf915c70a38acd78fd09e0058b1cf"
  integrity sha512-GnAl/knGn+i1U/wjBz3akz2stz+HrHLsxMwHQGofCDfPvlf+gDKN58UtfmUquTY4/MXeE2x7k19KQmeoZi94Iw==
  dependencies:
    uc.micro "^1.0.1"

loose-envify@^1.0.0, loose-envify@^1.4.0:
  version "1.4.0"
  resolved "https://registry.yarnpkg.com/loose-envify/-/loose-envify-1.4.0.tgz#71ee51fa7be4caec1a63839f7e682d8132d30caf"
  integrity sha512-lyuxPGr/Wfhrlem2CL/UcnUc1zcqKAImBDzukY7Y5F/yQiNdko6+fRLevlw1HgMySw7f611UIY408EtxRSoK3Q==
  dependencies:
    js-tokens "^3.0.0 || ^4.0.0"

markdown-it@^10.0.0:
  version "10.0.0"
  resolved "https://registry.yarnpkg.com/markdown-it/-/markdown-it-10.0.0.tgz#abfc64f141b1722d663402044e43927f1f50a8dc"
  integrity sha512-YWOP1j7UbDNz+TumYP1kpwnP0aEa711cJjrAQrzd0UXlbJfc5aAq0F/PZHjiioqDC1NKgvIMX+o+9Bk7yuM2dg==
  dependencies:
    argparse "^1.0.7"
    entities "~2.0.0"
    linkify-it "^2.0.0"
    mdurl "^1.0.1"
    uc.micro "^1.0.5"

mdurl@^1.0.1:
  version "1.0.1"
  resolved "https://registry.yarnpkg.com/mdurl/-/mdurl-1.0.1.tgz#fe85b2ec75a59037f2adfec100fd6c601761152e"
  integrity sha512-/sKlQJCBYVY9Ers9hqzKou4H6V5UWc/M59TH2dvkt+84itfnq7uFOMLpOiOS4ujvHP4etln18fmIxA5R5fll0g==

object-assign@^4.1.1:
  version "4.1.1"
  resolved "https://registry.yarnpkg.com/object-assign/-/object-assign-4.1.1.tgz#2109adc7965887cfc05cbbd442cac8bfbb360863"
  integrity sha512-rJgTQnkUnH1sFw8yT6VSU3zD3sWmu6sZhIseY8VX+GRu3P6F7Fu+JNDoXfklElbLJSnc3FUQHVe4cU5hj+BcUg==

postcss-value-parser@^4.0.2:
  version "4.2.0"
  resolved "https://registry.yarnpkg.com/postcss-value-parser/-/postcss-value-parser-4.2.0.tgz#723c09920836ba6d3e5af019f92bc0971c02e514"
  integrity sha512-1NNCs6uurfkVbeXG4S8JFT9t19m45ICnif8zWLd5oPSZ50QnwMfK+H3jv408d4jw/7Bttv5axS5IiHoLaVNHeQ==

prop-types@^15.5.10, prop-types@^15.7.2:
  version "15.8.1"
  resolved "https://registry.yarnpkg.com/prop-types/-/prop-types-15.8.1.tgz#67d87bf1a694f48435cf332c24af10214a3140b5"
  integrity sha512-oj87CgZICdulUohogVAR7AjlC0327U4el4L6eAvOqCeudMDVU0NThNaV+b9Df4dXgSP1gXMTnPdhfe/2qDH5cg==
  dependencies:
    loose-envify "^1.4.0"
    object-assign "^4.1.1"
    react-is "^16.13.1"

react-is@^16.13.1, react-is@^16.7.0:
  version "16.13.1"
  resolved "https://registry.yarnpkg.com/react-is/-/react-is-16.13.1.tgz#789729a4dc36de2999dc156dd6c1d9c18cea56a4"
  integrity sha512-24e6ynE2H+OKt4kqsOvNd8kBpV65zoxbA4BVsEOB3ARVWQki/DHzaUoC5KuON/BiccDaCCTZBuOcfZs70kR8bQ==

react-native-fit-image@^1.5.5:
  version "1.5.5"
  resolved "https://registry.yarnpkg.com/react-native-fit-image/-/react-native-fit-image-1.5.5.tgz#c660d1ad74b9dcaa1cba27a0d9c23837e000226c"
  integrity sha512-Wl3Vq2DQzxgsWKuW4USfck9zS7YzhvLNPpkwUUCF90bL32e1a0zOVQ3WsJILJOwzmPdHfzZmWasiiAUNBkhNkg==
  dependencies:
    prop-types "^15.5.10"

react-native-gesture-handler@^2.27.2:
  version "2.27.2"
  resolved "https://registry.yarnpkg.com/react-native-gesture-handler/-/react-native-gesture-handler-2.27.2.tgz#d52e839e9cb225e75c9b6fce7438979ca6917512"
  integrity sha512-+kNaY2m7uQu5+5ls8os6z92DTk9expsEAYsaPv30n08mrqX2r64G8iVGDwNWzZcId54+P7RlDnhyszTql0sQ0w==
  dependencies:
    "@egjs/hammerjs" "^2.0.17"
    hoist-non-react-statics "^3.3.0"
    invariant "^2.2.4"

react-native-is-edge-to-edge@^1.2.1:
  version "1.2.1"
  resolved "https://registry.yarnpkg.com/react-native-is-edge-to-edge/-/react-native-is-edge-to-edge-1.2.1.tgz#64e10851abd9d176cbf2b40562f751622bde3358"
  integrity sha512-FLbPWl/MyYQWz+KwqOZsSyj2JmLKglHatd3xLZWskXOpRaio4LfEDEz8E/A6uD8QoTHW6Aobw1jbEwK7KMgR7Q==

react-native-markdown-display@^7.0.2:
  version "7.0.2"
  resolved "https://registry.yarnpkg.com/react-native-markdown-display/-/react-native-markdown-display-7.0.2.tgz#b6584cec8d6670c0141fb8780bc2f0710188a4c2"
  integrity sha512-Mn4wotMvMfLAwbX/huMLt202W5DsdpMO/kblk+6eUs55S57VVNni1gzZCh5qpznYLjIQELNh50VIozEfY6fvaQ==
  dependencies:
    css-to-react-native "^3.0.0"
    markdown-it "^10.0.0"
    prop-types "^15.7.2"
    react-native-fit-image "^1.5.5"

react-native-reanimated@^4.0.0:
  version "4.0.0"
  resolved "https://registry.yarnpkg.com/react-native-reanimated/-/react-native-reanimated-4.0.0.tgz#f842fe911a297751c2d37f813642ddf6d580d272"
  integrity sha512-gcLvbfJBQSmSHnPjlURWN/EJjWDhVpWqe+ilshcEmK/gS46AY42oVGYA0FFoLBiQj2BH+I24Tox/7GrBCBFbwg==
  dependencies:
    react-native-is-edge-to-edge "^1.2.1"
    semver "7.7.2"

react-reconciler@0.31.0:
  version "0.31.0"
  resolved "https://registry.yarnpkg.com/react-reconciler/-/react-reconciler-0.31.0.tgz#6b7390fe8fab59210daf523d7400943973de1458"
  integrity sha512-7Ob7Z+URmesIsIVRjnLoDGwBEG/tVitidU0nMsqX/eeJaLY89RISO/10ERe0MqmzuKUUB1rmY+h1itMbUHg9BQ==
  dependencies:
    scheduler "^0.25.0"

scheduler@^0.25.0:
  version "0.25.0"
  resolved "https://registry.yarnpkg.com/scheduler/-/scheduler-0.25.0.tgz#336cd9768e8cceebf52d3c80e3dcf5de23e7e015"
  integrity sha512-xFVuu11jh+xcO7JOAGJNOXld8/TcEHK/4CituBUeUb5hqxJLj9YuemAEuvm9gQ/+pgXYfbQuqAkiYu+u7YEsNA==

semver@7.7.2:
  version "7.7.2"
  resolved "https://registry.yarnpkg.com/semver/-/semver-7.7.2.tgz#67d99fdcd35cec21e6f8b87a7fd515a33f982b58"
  integrity sha512-RF0Fw+rO5AMf9MAyaRXI4AV0Ulj5lMHqVxxdSgiVbixSCXoEmmX/jk0CuJw4+3SqroYO9VoUh+HcuJivvtJemA==

sprintf-js@~1.0.2:
  version "1.0.3"
  resolved "https://registry.yarnpkg.com/sprintf-js/-/sprintf-js-1.0.3.tgz#04e6926f662895354f3dd015203633b857297e2c"
  integrity sha512-D9cPgkvLlV3t3IzL0D0YLvGA9Ahk4PcvVwUbN0dSGr1aP0Nrt4AEnTUbuGvquEC0mA64Gqt1fzirlRs5ibXx8g==

uc.micro@^1.0.1, uc.micro@^1.0.5:
  version "1.0.6"
  resolved "https://registry.yarnpkg.com/uc.micro/-/uc.micro-1.0.6.tgz#9c411a802a409a91fc6cf74081baba34b24499ac"
  integrity sha512-8Y75pvTYkLJW2hWQHXxoqRgV7qb9B+9vFEtidML+7koHUFapnVJAZ6cKs+Qjz5Aw3aZWHMC6u0wJE3At+nSGwA==

zustand@^5.0.6:
  version "5.0.6"
  resolved "https://registry.yarnpkg.com/zustand/-/zustand-5.0.6.tgz#a2da43d8dc3d31e314279e5baec06297bea70a5c"
  integrity sha512-ihAqNeUVhe0MAD+X8M5UzqyZ9k3FFZLBTtqo6JLPwV53cbRB/mJwBI0PxcIgqhBBHlEs8G45OTDTMq3gNcLq3A==
